
Microsoft Visual Studio Solution File, Format Version 12.00
# Visual Studio Version 16
VisualStudioVersion = 16.0.31605.320
MinimumVisualStudioVersion = 10.0.40219.1
Project("{9A19103F-16F7-4668-BE54-9A1E7A4F7556}") = "STW_Spark", "STW_Spark.csproj", "{0DBD4245-6964-4B45-8398-AF7501025C05}"
EndProject
Global
	GlobalSection(SolutionConfigurationPlatforms) = preSolution
		Debug|Any CPU = Debug|Any CPU
		Release|Any CPU = Release|Any CPU
	EndGlobalSection
	GlobalSection(ProjectConfigurationPlatforms) = postSolution
		{0DBD4245-6964-4B45-8398-AF7501025C05}.Debug|Any CPU.ActiveCfg = Debug|Any CPU
		{0DBD4245-6964-4B45-8398-AF7501025C05}.Debug|Any CPU.Build.0 = Debug|Any CPU
		{0DBD4245-6964-4B45-8398-AF7501025C05}.Release|Any CPU.ActiveCfg = Release|Any CPU
		{0DBD4245-6964-4B45-8398-AF7501025C05}.Release|Any CPU.Build.0 = Release|Any CPU
	EndGlobalSection
	GlobalSection(SolutionProperties) = preSolution
		HideSolutionNode = FALSE
	EndGlobalSection
	GlobalSection(ExtensibilityGlobals) = postSolution
		SolutionGuid = {F29C8F81-BF1C-4D93-9AAD-0E98CEEA3BC9}
	EndGlobalSection
EndGlobal
